{
    "packages": [
        {
            "name": "spryker/test-integrator-wire-plugin",
            "version": "1.0.2"
        },
        {
            "name": "spryker/test-integrator-wire-navigation",
            "version": "1.0.2"
        },
        {
            "name": "spryker/test-integrator-unwire-navigation",
            "version": "1.0.3"
        },
        {
            "name": "spryker/test-integrator-unwire-plugin",
            "version": "1.0.3"
        },
        {
            "name": "spryker/test-integrator-wire-console",
            "version": "1.0.2"
        },
        {
            "name": "spryker/test-integrator-unwire-console",
            "version": "1.0.2"
        },
        {
            "name": "spryker/test-integrator-configure-module",
            "version": "1.0.3"
        },
        {
            "name": "spryker/test-integrator-copy-module-file",
            "version": "1.0.3"
        },
        {
            "name": "spryker/test-integrator-wire-widget",
            "version": "1.0.3"
        },
        {
            "name": "spryker/test-integrator-unwire-widget",
            "version": "1.0.3"
        },
        {
            "name": "spryker/test-integrator-configure-env",
            "version": "1.0.4"
        },
        {
            "name": "spryker/test-integrator-wire-glue-relationship",
            "version": "1.0.1"
        },
        {
            "name": "spryker/test-integrator-unwire-glue-relationship",
            "version": "1.0.1"
        },
        {
            "name": "spryker/test-integrator-glossary",
            "version": "1.0.3"
        },
        {
            "name": "spryker/test-integrator-add-config-array-element",
            "version": "1.0.0"
        }
    ]
}
